
Microsoft Visual Studio Solution File, Format Version 10.00
# Visual Studio 2008
Project("{8BC9CEB8-8B4A-11D0-8D11-00A0C91BC942}") = "ServerExec", "ServerExec\ServerExec.vcproj", "{DF21C711-7020-43CD-A3A0-8A7220F0F46F}"
EndProject
Global
	GlobalSection(SolutionConfigurationPlatforms) = preSolution
		Debug|Win32 = Debug|Win32
		Release|Win32 = Release|Win32
	EndGlobalSection
	GlobalSection(ProjectConfigurationPlatforms) = postSolution
		{DF21C711-7020-43CD-A3A0-8A7220F0F46F}.Debug|Win32.ActiveCfg = Debug|Win32
		{DF21C711-7020-43CD-A3A0-8A7220F0F46F}.Debug|Win32.Build.0 = Debug|Win32
		{DF21C711-7020-43CD-A3A0-8A7220F0F46F}.Release|Win32.ActiveCfg = Release|Win32
		{DF21C711-7020-43CD-A3A0-8A7220F0F46F}.Release|Win32.Build.0 = Release|Win32
	EndGlobalSection
	GlobalSection(SolutionProperties) = preSolution
		HideSolutionNode = FALSE
	EndGlobalSection
EndGlobal
